
Microsoft Visual Studio Solution File, Format Version 12.00
# Visual Studio Version 16
VisualStudioVersion = 16.0.30011.22
MinimumVisualStudioVersion = 10.0.40219.1
Project("{FAE04EC0-301F-11D3-BF4B-00C04F79EFBC}") = "CapaDatos", "CapaDatos\CapaDatos.csproj", "{AC0EEFEB-05AD-40E2-B238-EF25EF2CD615}"
EndProject
Project("{FAE04EC0-301F-11D3-BF4B-00C04F79EFBC}") = "CapaNegocio", "CapaNegocio\CapaNegocio.csproj", "{AD17A9B4-DFE6-470B-BE63-9D778685C4A9}"
EndProject
Project("{FAE04EC0-301F-11D3-BF4B-00C04F79EFBC}") = "CapaPresentacion", "CapaPresentacion\CapaPresentacion.csproj", "{D05B8A8E-996B-4B44-A319-C2EDC664A1D4}"
EndProject
Global
	GlobalSection(SolutionConfigurationPlatforms) = preSolution
		Debug|Any CPU = Debug|Any CPU
		Release|Any CPU = Release|Any CPU
	EndGlobalSection
	GlobalSection(ProjectConfigurationPlatforms) = postSolution
		{AC0EEFEB-05AD-40E2-B238-EF25EF2CD615}.Debug|Any CPU.ActiveCfg = Debug|Any CPU
		{AC0EEFEB-05AD-40E2-B238-EF25EF2CD615}.Debug|Any CPU.Build.0 = Debug|Any CPU
		{AC0EEFEB-05AD-40E2-B238-EF25EF2CD615}.Release|Any CPU.ActiveCfg = Release|Any CPU
		{AC0EEFEB-05AD-40E2-B238-EF25EF2CD615}.Release|Any CPU.Build.0 = Release|Any CPU
		{AD17A9B4-DFE6-470B-BE63-9D778685C4A9}.Debug|Any CPU.ActiveCfg = Debug|Any CPU
		{AD17A9B4-DFE6-470B-BE63-9D778685C4A9}.Debug|Any CPU.Build.0 = Debug|Any CPU
		{AD17A9B4-DFE6-470B-BE63-9D778685C4A9}.Release|Any CPU.ActiveCfg = Release|Any CPU
		{AD17A9B4-DFE6-470B-BE63-9D778685C4A9}.Release|Any CPU.Build.0 = Release|Any CPU
		{D05B8A8E-996B-4B44-A319-C2EDC664A1D4}.Debug|Any CPU.ActiveCfg = Debug|Any CPU
		{D05B8A8E-996B-4B44-A319-C2EDC664A1D4}.Debug|Any CPU.Build.0 = Debug|Any CPU
		{D05B8A8E-996B-4B44-A319-C2EDC664A1D4}.Release|Any CPU.ActiveCfg = Release|Any CPU
		{D05B8A8E-996B-4B44-A319-C2EDC664A1D4}.Release|Any CPU.Build.0 = Release|Any CPU
	EndGlobalSection
	GlobalSection(SolutionProperties) = preSolution
		HideSolutionNode = FALSE
	EndGlobalSection
	GlobalSection(ExtensibilityGlobals) = postSolution
		SolutionGuid = {BBF890C9-1723-4ADF-9863-282A4AF7D2C1}
	EndGlobalSection
EndGlobal
